# This file is automatically @generated by Cargo.
# It is not intended for manual editing.
version = 4

[[package]]
name = "a-epoll"
version = "0.1.0"

[[package]]
name = "a-stack-swap"
version = "0.1.0"

[[package]]
name = "b-stack-show"
version = "0.1.0"

[[package]]
name = "c-fibers"
version = "0.1.0"
